// !$*UTF8*$!
{
	archiveVersion = 1;
	classes = {
	};
	objectVersion = 56;
	objects = {

/* Begin PBXBuildFile section */
		3B0085272B62FEBB0042CF86 /* finished2.mp3 in Resources */ = {isa = PBXBuildFile; fileRef = 3B0085262B62FEBB0042CF86 /* finished2.mp3 */; };
		3B0085292B62FED30042CF86 /* round-start-end2.mp3 in Resources */ = {isa = PBXBuildFile; fileRef = 3B0085282B62FED30042CF86 /* round-start-end2.mp3 */; };
		3B41D2C12B52B12900646D49 /* TimerViewModel.swift in Sources */ = {isa = PBXBuildFile; fileRef = 3B41D2C02B52B12900646D49 /* TimerViewModel.swift */; };
		3B41D2C32B5323E000646D49 /* TimerController.swift in Sources */ = {isa = PBXBuildFile; fileRef = 3B41D2C22B5323E000646D49 /* TimerController.swift */; };
		3B41D2C52B53243B00646D49 /* SettingsModel.swift in Sources */ = {isa = PBXBuildFile; fileRef = 3B41D2C42B53243B00646D49 /* SettingsModel.swift */; };
		3B41D2C72B532BBC00646D49 /* TimerView.swift in Sources */ = {isa = PBXBuildFile; fileRef = 3B41D2C62B532BBC00646D49 /* TimerView.swift */; };
		3B6205862B5C36CC00E7EC9F /* SoundService.swift in Sources */ = {isa = PBXBuildFile; fileRef = 3B6205852B5C36CC00E7EC9F /* SoundService.swift */; };
		3B62058E2B5C452200E7EC9F /* reset.mp3 in Resources */ = {isa = PBXBuildFile; fileRef = 3B62058C2B5C452200E7EC9F /* reset.mp3 */; };
		3B62058F2B5C452200E7EC9F /* play-pause.mp3 in Resources */ = {isa = PBXBuildFile; fileRef = 3B62058D2B5C452200E7EC9F /* play-pause.mp3 */; };
		3B6205912B5C652700E7EC9F /* round-start-end.mp3 in Resources */ = {isa = PBXBuildFile; fileRef = 3B6205902B5C652700E7EC9F /* round-start-end.mp3 */; };
		3B6205932B5C65E200E7EC9F /* finished.mp3 in Resources */ = {isa = PBXBuildFile; fileRef = 3B6205922B5C65E200E7EC9F /* finished.mp3 */; };
		3B68012E2B5D9F4400B620D0 /* ProgressColorModifier.swift in Sources */ = {isa = PBXBuildFile; fileRef = 3B68012D2B5D9F4400B620D0 /* ProgressColorModifier.swift */; };
		3B7E1F812B5478B300B102F9 /* SettingsView.swift in Sources */ = {isa = PBXBuildFile; fileRef = 3B7E1F802B5478B300B102F9 /* SettingsView.swift */; };
		3B7FEF032B4ACCBE00B5890B /* SimpleIntervalTimerApp.swift in Sources */ = {isa = PBXBuildFile; fileRef = 3B7FEF022B4ACCBE00B5890B /* SimpleIntervalTimerApp.swift */; };
		3B7FEF052B4ACCBE00B5890B /* MainView.swift in Sources */ = {isa = PBXBuildFile; fileRef = 3B7FEF042B4ACCBE00B5890B /* MainView.swift */; };
		3B7FEF072B4ACCBF00B5890B /* Assets.xcassets in Resources */ = {isa = PBXBuildFile; fileRef = 3B7FEF062B4ACCBF00B5890B /* Assets.xcassets */; };
		3B7FEF0A2B4ACCBF00B5890B /* Preview Assets.xcassets in Resources */ = {isa = PBXBuildFile; fileRef = 3B7FEF092B4ACCBF00B5890B /* Preview Assets.xcassets */; };
		3B7FEF142B4ACCBF00B5890B /* SimpleIntervalTimerTests.swift in Sources */ = {isa = PBXBuildFile; fileRef = 3B7FEF132B4ACCBF00B5890B /* SimpleIntervalTimerTests.swift */; };
		3B7FEF1E2B4ACCBF00B5890B /* SimpleIntervalTimerUITests.swift in Sources */ = {isa = PBXBuildFile; fileRef = 3B7FEF1D2B4ACCBF00B5890B /* SimpleIntervalTimerUITests.swift */; };
		3B7FEF202B4ACCBF00B5890B /* SimpleIntervalTimerUITestsLaunchTests.swift in Sources */ = {isa = PBXBuildFile; fileRef = 3B7FEF1F2B4ACCBF00B5890B /* SimpleIntervalTimerUITestsLaunchTests.swift */; };
/* End PBXBuildFile section */

/* Begin PBXContainerItemProxy section */
		3B7FEF102B4ACCBF00B5890B /* PBXContainerItemProxy */ = {
			isa = PBXContainerItemProxy;
			containerPortal = 3B7FEEF72B4ACCBE00B5890B /* Project object */;
			proxyType = 1;
			remoteGlobalIDString = 3B7FEEFE2B4ACCBE00B5890B;
			remoteInfo = SimpleIntervalTimer;
		};
		3B7FEF1A2B4ACCBF00B5890B /* PBXContainerItemProxy */ = {
			isa = PBXContainerItemProxy;
			containerPortal = 3B7FEEF72B4ACCBE00B5890B /* Project object */;
			proxyType = 1;
			remoteGlobalIDString = 3B7FEEFE2B4ACCBE00B5890B;
			remoteInfo = SimpleIntervalTimer;
		};
/* End PBXContainerItemProxy section */

/* Begin PBXFileReference section */
		3B0085262B62FEBB0042CF86 /* finished2.mp3 */ = {isa = PBXFileReference; lastKnownFileType = audio.mp3; path = finished2.mp3; sourceTree = "<group>"; };
		3B0085282B62FED30042CF86 /* round-start-end2.mp3 */ = {isa = PBXFileReference; lastKnownFileType = audio.mp3; path = "round-start-end2.mp3"; sourceTree = "<group>"; };
		3B41D2C02B52B12900646D49 /* TimerViewModel.swift */ = {isa = PBXFileReference; lastKnownFileType = sourcecode.swift; path = TimerViewModel.swift; sourceTree = "<group>"; };
		3B41D2C22B5323E000646D49 /* TimerController.swift */ = {isa = PBXFileReference; lastKnownFileType = sourcecode.swift; path = TimerController.swift; sourceTree = "<group>"; };
		3B41D2C42B53243B00646D49 /* SettingsModel.swift */ = {isa = PBXFileReference; lastKnownFileType = sourcecode.swift; path = SettingsModel.swift; sourceTree = "<group>"; };
		3B41D2C62B532BBC00646D49 /* TimerView.swift */ = {isa = PBXFileReference; lastKnownFileType = sourcecode.swift; path = TimerView.swift; sourceTree = "<group>"; };
		3B6205852B5C36CC00E7EC9F /* SoundService.swift */ = {isa = PBXFileReference; lastKnownFileType = sourcecode.swift; path = SoundService.swift; sourceTree = "<group>"; };
		3B62058C2B5C452200E7EC9F /* reset.mp3 */ = {isa = PBXFileReference; lastKnownFileType = audio.mp3; path = reset.mp3; sourceTree = "<group>"; };
		3B62058D2B5C452200E7EC9F /* play-pause.mp3 */ = {isa = PBXFileReference; lastKnownFileType = audio.mp3; path = "play-pause.mp3"; sourceTree = "<group>"; };
		3B6205902B5C652700E7EC9F /* round-start-end.mp3 */ = {isa = PBXFileReference; lastKnownFileType = audio.mp3; path = "round-start-end.mp3"; sourceTree = "<group>"; };
		3B6205922B5C65E200E7EC9F /* finished.mp3 */ = {isa = PBXFileReference; lastKnownFileType = audio.mp3; path = finished.mp3; sourceTree = "<group>"; };
		3B68012D2B5D9F4400B620D0 /* ProgressColorModifier.swift */ = {isa = PBXFileReference; lastKnownFileType = sourcecode.swift; path = ProgressColorModifier.swift; sourceTree = "<group>"; };
		3B7E1F802B5478B300B102F9 /* SettingsView.swift */ = {isa = PBXFileReference; lastKnownFileType = sourcecode.swift; path = SettingsView.swift; sourceTree = "<group>"; };
		3B7FEEFF2B4ACCBE00B5890B /* SimpleIntervalTimer.app */ = {isa = PBXFileReference; explicitFileType = wrapper.application; includeInIndex = 0; path = SimpleIntervalTimer.app; sourceTree = BUILT_PRODUCTS_DIR; };
		3B7FEF022B4ACCBE00B5890B /* SimpleIntervalTimerApp.swift */ = {isa = PBXFileReference; lastKnownFileType = sourcecode.swift; path = SimpleIntervalTimerApp.swift; sourceTree = "<group>"; };
		3B7FEF042B4ACCBE00B5890B /* MainView.swift */ = {isa = PBXFileReference; lastKnownFileType = sourcecode.swift; path = MainView.swift; sourceTree = "<group>"; };
		3B7FEF062B4ACCBF00B5890B /* Assets.xcassets */ = {isa = PBXFileReference; lastKnownFileType = folder.assetcatalog; path = Assets.xcassets; sourceTree = "<group>"; };
		3B7FEF092B4ACCBF00B5890B /* Preview Assets.xcassets */ = {isa = PBXFileReference; lastKnownFileType = folder.assetcatalog; path = "Preview Assets.xcassets"; sourceTree = "<group>"; };
		3B7FEF0F2B4ACCBF00B5890B /* SimpleIntervalTimerTests.xctest */ = {isa = PBXFileReference; explicitFileType = wrapper.cfbundle; includeInIndex = 0; path = SimpleIntervalTimerTests.xctest; sourceTree = BUILT_PRODUCTS_DIR; };
		3B7FEF132B4ACCBF00B5890B /* SimpleIntervalTimerTests.swift */ = {isa = PBXFileReference; lastKnownFileType = sourcecode.swift; path = SimpleIntervalTimerTests.swift; sourceTree = "<group>"; };
		3B7FEF192B4ACCBF00B5890B /* SimpleIntervalTimerUITests.xctest */ = {isa = PBXFileReference; explicitFileType = wrapper.cfbundle; includeInIndex = 0; path = SimpleIntervalTimerUITests.xctest; sourceTree = BUILT_PRODUCTS_DIR; };
		3B7FEF1D2B4ACCBF00B5890B /* SimpleIntervalTimerUITests.swift */ = {isa = PBXFileReference; lastKnownFileType = sourcecode.swift; path = SimpleIntervalTimerUITests.swift; sourceTree = "<group>"; };
		3B7FEF1F2B4ACCBF00B5890B /* SimpleIntervalTimerUITestsLaunchTests.swift */ = {isa = PBXFileReference; lastKnownFileType = sourcecode.swift; path = SimpleIntervalTimerUITestsLaunchTests.swift; sourceTree = "<group>"; };
/* End PBXFileReference section */

/* Begin PBXFrameworksBuildPhase section */
		3B7FEEFC2B4ACCBE00B5890B /* Frameworks */ = {
			isa = PBXFrameworksBuildPhase;
			buildActionMask = 2147483647;
			files = (
			);
			runOnlyForDeploymentPostprocessing = 0;
		};
		3B7FEF0C2B4ACCBF00B5890B /* Frameworks */ = {
			isa = PBXFrameworksBuildPhase;
			buildActionMask = 2147483647;
			files = (
			);
			runOnlyForDeploymentPostprocessing = 0;
		};
		3B7FEF162B4ACCBF00B5890B /* Frameworks */ = {
			isa = PBXFrameworksBuildPhase;
			buildActionMask = 2147483647;
			files = (
			);
			runOnlyForDeploymentPostprocessing = 0;
		};
/* End PBXFrameworksBuildPhase section */

/* Begin PBXGroup section */
		3B1AABE62B5F0F6600B9100E /* util */ = {
			isa = PBXGroup;
			children = (
				3B68012D2B5D9F4400B620D0 /* ProgressColorModifier.swift */,
			);
			path = util;
			sourceTree = "<group>";
		};
		3B41D2BC2B52B05B00646D49 /* view */ = {
			isa = PBXGroup;
			children = (
				3B41D2C62B532BBC00646D49 /* TimerView.swift */,
				3B7FEF042B4ACCBE00B5890B /* MainView.swift */,
				3B7E1F802B5478B300B102F9 /* SettingsView.swift */,
			);
			path = view;
			sourceTree = "<group>";
		};
		3B41D2BD2B52B07A00646D49 /* model */ = {
			isa = PBXGroup;
			children = (
				3B41D2C02B52B12900646D49 /* TimerViewModel.swift */,
				3B41D2C22B5323E000646D49 /* TimerController.swift */,
				3B41D2C42B53243B00646D49 /* SettingsModel.swift */,
			);
			path = model;
			sourceTree = "<group>";
		};
		3B6205842B5C36AF00E7EC9F /* sound */ = {
			isa = PBXGroup;
			children = (
				3B0085282B62FED30042CF86 /* round-start-end2.mp3 */,
				3B0085262B62FEBB0042CF86 /* finished2.mp3 */,
				3B6205922B5C65E200E7EC9F /* finished.mp3 */,
				3B6205902B5C652700E7EC9F /* round-start-end.mp3 */,
				3B62058D2B5C452200E7EC9F /* play-pause.mp3 */,
				3B62058C2B5C452200E7EC9F /* reset.mp3 */,
				3B6205852B5C36CC00E7EC9F /* SoundService.swift */,
			);
			path = sound;
			sourceTree = "<group>";
		};
		3B7FEEF62B4ACCBE00B5890B = {
			isa = PBXGroup;
			children = (
				3B7FEF012B4ACCBE00B5890B /* SimpleIntervalTimer */,
				3B7FEF122B4ACCBF00B5890B /* SimpleIntervalTimerTests */,
				3B7FEF1C2B4ACCBF00B5890B /* SimpleIntervalTimerUITests */,
				3B7FEF002B4ACCBE00B5890B /* Products */,
			);
			sourceTree = "<group>";
		};
		3B7FEF002B4ACCBE00B5890B /* Products */ = {
			isa = PBXGroup;
			children = (
				3B7FEEFF2B4ACCBE00B5890B /* SimpleIntervalTimer.app */,
				3B7FEF0F2B4ACCBF00B5890B /* SimpleIntervalTimerTests.xctest */,
				3B7FEF192B4ACCBF00B5890B /* SimpleIntervalTimerUITests.xctest */,
			);
			name = Products;
			sourceTree = "<group>";
		};
		3B7FEF012B4ACCBE00B5890B /* SimpleIntervalTimer */ = {
			isa = PBXGroup;
			children = (
				3B1AABE62B5F0F6600B9100E /* util */,
				3B6205842B5C36AF00E7EC9F /* sound */,
				3B41D2BD2B52B07A00646D49 /* model */,
				3B41D2BC2B52B05B00646D49 /* view */,
				3B7FEF022B4ACCBE00B5890B /* SimpleIntervalTimerApp.swift */,
				3B7FEF062B4ACCBF00B5890B /* Assets.xcassets */,
				3B7FEF082B4ACCBF00B5890B /* Preview Content */,
			);
			path = SimpleIntervalTimer;
			sourceTree = "<group>";
		};
		3B7FEF082B4ACCBF00B5890B /* Preview Content */ = {
			isa = PBXGroup;
			children = (
				3B7FEF092B4ACCBF00B5890B /* Preview Assets.xcassets */,
			);
			path = "Preview Content";
			sourceTree = "<group>";
		};
		3B7FEF122B4ACCBF00B5890B /* SimpleIntervalTimerTests */ = {
			isa = PBXGroup;
			children = (
				3B7FEF132B4ACCBF00B5890B /* SimpleIntervalTimerTests.swift */,
			);
			path = SimpleIntervalTimerTests;
			sourceTree = "<group>";
		};
		3B7FEF1C2B4ACCBF00B5890B /* SimpleIntervalTimerUITests */ = {
			isa = PBXGroup;
			children = (
				3B7FEF1D2B4ACCBF00B5890B /* SimpleIntervalTimerUITests.swift */,
				3B7FEF1F2B4ACCBF00B5890B /* SimpleIntervalTimerUITestsLaunchTests.swift */,
			);
			path = SimpleIntervalTimerUITests;
			sourceTree = "<group>";
		};
/* End PBXGroup section */

/* Begin PBXNativeTarget section */
		3B7FEEFE2B4ACCBE00B5890B /* SimpleIntervalTimer */ = {
			isa = PBXNativeTarget;
			buildConfigurationList = 3B7FEF232B4ACCBF00B5890B /* Build configuration list for PBXNativeTarget "SimpleIntervalTimer" */;
			buildPhases = (
				3B7FEEFB2B4ACCBE00B5890B /* Sources */,
				3B7FEEFC2B4ACCBE00B5890B /* Frameworks */,
				3B7FEEFD2B4ACCBE00B5890B /* Resources */,
			);
			buildRules = (
			);
			dependencies = (
			);
			name = SimpleIntervalTimer;
			productName = SimpleIntervalTimer;
			productReference = 3B7FEEFF2B4ACCBE00B5890B /* SimpleIntervalTimer.app */;
			productType = "com.apple.product-type.application";
		};
		3B7FEF0E2B4ACCBF00B5890B /* SimpleIntervalTimerTests */ = {
			isa = PBXNativeTarget;
			buildConfigurationList = 3B7FEF262B4ACCBF00B5890B /* Build configuration list for PBXNativeTarget "SimpleIntervalTimerTests" */;
			buildPhases = (
				3B7FEF0B2B4ACCBF00B5890B /* Sources */,
				3B7FEF0C2B4ACCBF00B5890B /* Frameworks */,
				3B7FEF0D2B4ACCBF00B5890B /* Resources */,
			);
			buildRules = (
			);
			dependencies = (
				3B7FEF112B4ACCBF00B5890B /* PBXTargetDependency */,
			);
			name = SimpleIntervalTimerTests;
			productName = SimpleIntervalTimerTests;
			productReference = 3B7FEF0F2B4ACCBF00B5890B /* SimpleIntervalTimerTests.xctest */;
			productType = "com.apple.product-type.bundle.unit-test";
		};
		3B7FEF182B4ACCBF00B5890B /* SimpleIntervalTimerUITests */ = {
			isa = PBXNativeTarget;
			buildConfigurationList = 3B7FEF292B4ACCBF00B5890B /* Build configuration list for PBXNativeTarget "SimpleIntervalTimerUITests" */;
			buildPhases = (
				3B7FEF152B4ACCBF00B5890B /* Sources */,
				3B7FEF162B4ACCBF00B5890B /* Frameworks */,
				3B7FEF172B4ACCBF00B5890B /* Resources */,
			);
			buildRules = (
			);
			dependencies = (
				3B7FEF1B2B4ACCBF00B5890B /* PBXTargetDependency */,
			);
			name = SimpleIntervalTimerUITests;
			productName = SimpleIntervalTimerUITests;
			productReference = 3B7FEF192B4ACCBF00B5890B /* SimpleIntervalTimerUITests.xctest */;
			productType = "com.apple.product-type.bundle.ui-testing";
		};
/* End PBXNativeTarget section */

/* Begin PBXProject section */
		3B7FEEF72B4ACCBE00B5890B /* Project object */ = {
			isa = PBXProject;
			attributes = {
				BuildIndependentTargetsInParallel = 1;
				LastSwiftUpdateCheck = 1510;
				LastUpgradeCheck = 1510;
				TargetAttributes = {
					3B7FEEFE2B4ACCBE00B5890B = {
						CreatedOnToolsVersion = 15.1;
					};
					3B7FEF0E2B4ACCBF00B5890B = {
						CreatedOnToolsVersion = 15.1;
						TestTargetID = 3B7FEEFE2B4ACCBE00B5890B;
					};
					3B7FEF182B4ACCBF00B5890B = {
						CreatedOnToolsVersion = 15.1;
						TestTargetID = 3B7FEEFE2B4ACCBE00B5890B;
					};
				};
			};
			buildConfigurationList = 3B7FEEFA2B4ACCBE00B5890B /* Build configuration list for PBXProject "SimpleIntervalTimer" */;
			compatibilityVersion = "Xcode 14.0";
			developmentRegion = en;
			hasScannedForEncodings = 0;
			knownRegions = (
				en,
				Base,
			);
			mainGroup = 3B7FEEF62B4ACCBE00B5890B;
			productRefGroup = 3B7FEF002B4ACCBE00B5890B /* Products */;
			projectDirPath = "";
			projectRoot = "";
			targets = (
				3B7FEEFE2B4ACCBE00B5890B /* SimpleIntervalTimer */,
				3B7FEF0E2B4ACCBF00B5890B /* SimpleIntervalTimerTests */,
				3B7FEF182B4ACCBF00B5890B /* SimpleIntervalTimerUITests */,
			);
		};
/* End PBXProject section */

/* Begin PBXResourcesBuildPhase section */
		3B7FEEFD2B4ACCBE00B5890B /* Resources */ = {
			isa = PBXResourcesBuildPhase;
			buildActionMask = 2147483647;
			files = (
				3B0085272B62FEBB0042CF86 /* finished2.mp3 in Resources */,
				3B7FEF0A2B4ACCBF00B5890B /* Preview Assets.xcassets in Resources */,
				3B6205912B5C652700E7EC9F /* round-start-end.mp3 in Resources */,
				3B0085292B62FED30042CF86 /* round-start-end2.mp3 in Resources */,
				3B62058F2B5C452200E7EC9F /* play-pause.mp3 in Resources */,
				3B62058E2B5C452200E7EC9F /* reset.mp3 in Resources */,
				3B6205932B5C65E200E7EC9F /* finished.mp3 in Resources */,
				3B7FEF072B4ACCBF00B5890B /* Assets.xcassets in Resources */,
			);
			runOnlyForDeploymentPostprocessing = 0;
		};
		3B7FEF0D2B4ACCBF00B5890B /* Resources */ = {
			isa = PBXResourcesBuildPhase;
			buildActionMask = 2147483647;
			files = (
			);
			runOnlyForDeploymentPostprocessing = 0;
		};
		3B7FEF172B4ACCBF00B5890B /* Resources */ = {
			isa = PBXResourcesBuildPhase;
			buildActionMask = 2147483647;
			files = (
			);
			runOnlyForDeploymentPostprocessing = 0;
		};
/* End PBXResourcesBuildPhase section */

/* Begin PBXSourcesBuildPhase section */
		3B7FEEFB2B4ACCBE00B5890B /* Sources */ = {
			isa = PBXSourcesBuildPhase;
			buildActionMask = 2147483647;
			files = (
				3B41D2C72B532BBC00646D49 /* TimerView.swift in Sources */,
				3B41D2C52B53243B00646D49 /* SettingsModel.swift in Sources */,
				3B7FEF052B4ACCBE00B5890B /* MainView.swift in Sources */,
				3B6205862B5C36CC00E7EC9F /* SoundService.swift in Sources */,
				3B41D2C32B5323E000646D49 /* TimerController.swift in Sources */,
				3B41D2C12B52B12900646D49 /* TimerViewModel.swift in Sources */,
				3B7FEF032B4ACCBE00B5890B /* SimpleIntervalTimerApp.swift in Sources */,
				3B7E1F812B5478B300B102F9 /* SettingsView.swift in Sources */,
				3B68012E2B5D9F4400B620D0 /* ProgressColorModifier.swift in Sources */,
			);
			runOnlyForDeploymentPostprocessing = 0;
		};
		3B7FEF0B2B4ACCBF00B5890B /* Sources */ = {
			isa = PBXSourcesBuildPhase;
			buildActionMask = 2147483647;
			files = (
				3B7FEF142B4ACCBF00B5890B /* SimpleIntervalTimerTests.swift in Sources */,
			);
			runOnlyForDeploymentPostprocessing = 0;
		};
		3B7FEF152B4ACCBF00B5890B /* Sources */ = {
			isa = PBXSourcesBuildPhase;
			buildActionMask = 2147483647;
			files = (
				3B7FEF1E2B4ACCBF00B5890B /* SimpleIntervalTimerUITests.swift in Sources */,
				3B7FEF202B4ACCBF00B5890B /* SimpleIntervalTimerUITestsLaunchTests.swift in Sources */,
			);
			runOnlyForDeploymentPostprocessing = 0;
		};
/* End PBXSourcesBuildPhase section */

/* Begin PBXTargetDependency section */
		3B7FEF112B4ACCBF00B5890B /* PBXTargetDependency */ = {
			isa = PBXTargetDependency;
			target = 3B7FEEFE2B4ACCBE00B5890B /* SimpleIntervalTimer */;
			targetProxy = 3B7FEF102B4ACCBF00B5890B /* PBXContainerItemProxy */;
		};
		3B7FEF1B2B4ACCBF00B5890B /* PBXTargetDependency */ = {
			isa = PBXTargetDependency;
			target = 3B7FEEFE2B4ACCBE00B5890B /* SimpleIntervalTimer */;
			targetProxy = 3B7FEF1A2B4ACCBF00B5890B /* PBXContainerItemProxy */;
		};
/* End PBXTargetDependency section */

/* Begin XCBuildConfiguration section */
		3B7FEF212B4ACCBF00B5890B /* Debug */ = {
			isa = XCBuildConfiguration;
			buildSettings = {
				ALWAYS_SEARCH_USER_PATHS = NO;
				ASSETCATALOG_COMPILER_GENERATE_SWIFT_ASSET_SYMBOL_EXTENSIONS = YES;
				CLANG_ANALYZER_NONNULL = YES;
				CLANG_ANALYZER_NUMBER_OBJECT_CONVERSION = YES_AGGRESSIVE;
				CLANG_CXX_LANGUAGE_STANDARD = "gnu++20";
				CLANG_ENABLE_MODULES = YES;
				CLANG_ENABLE_OBJC_ARC = YES;
				CLANG_ENABLE_OBJC_WEAK = YES;
				CLANG_WARN_BLOCK_CAPTURE_AUTORELEASING = YES;
				CLANG_WARN_BOOL_CONVERSION = YES;
				CLANG_WARN_COMMA = YES;
				CLANG_WARN_CONSTANT_CONVERSION = YES;
				CLANG_WARN_DEPRECATED_OBJC_IMPLEMENTATIONS = YES;
				CLANG_WARN_DIRECT_OBJC_ISA_USAGE = YES_ERROR;
				CLANG_WARN_DOCUMENTATION_COMMENTS = YES;
				CLANG_WARN_EMPTY_BODY = YES;
				CLANG_WARN_ENUM_CONVERSION = YES;
				CLANG_WARN_INFINITE_RECURSION = YES;
				CLANG_WARN_INT_CONVERSION = YES;
				CLANG_WARN_NON_LITERAL_NULL_CONVERSION = YES;
				CLANG_WARN_OBJC_IMPLICIT_RETAIN_SELF = YES;
				CLANG_WARN_OBJC_LITERAL_CONVERSION = YES;
				CLANG_WARN_OBJC_ROOT_CLASS = YES_ERROR;
				CLANG_WARN_QUOTED_INCLUDE_IN_FRAMEWORK_HEADER = YES;
				CLANG_WARN_RANGE_LOOP_ANALYSIS = YES;
				CLANG_WARN_STRICT_PROTOTYPES = YES;
				CLANG_WARN_SUSPICIOUS_MOVE = YES;
				CLANG_WARN_UNGUARDED_AVAILABILITY = YES_AGGRESSIVE;
				CLANG_WARN_UNREACHABLE_CODE = YES;
				CLANG_WARN__DUPLICATE_METHOD_MATCH = YES;
				COPY_PHASE_STRIP = NO;
				DEBUG_INFORMATION_FORMAT = dwarf;
				ENABLE_STRICT_OBJC_MSGSEND = YES;
				ENABLE_TESTABILITY = YES;
				ENABLE_USER_SCRIPT_SANDBOXING = YES;
				GCC_C_LANGUAGE_STANDARD = gnu17;
				GCC_DYNAMIC_NO_PIC = NO;
				GCC_NO_COMMON_BLOCKS = YES;
				GCC_OPTIMIZATION_LEVEL = 0;
				GCC_PREPROCESSOR_DEFINITIONS = (
					"DEBUG=1",
					"$(inherited)",
				);
				GCC_WARN_64_TO_32_BIT_CONVERSION = YES;
				GCC_WARN_ABOUT_RETURN_TYPE = YES_ERROR;
				GCC_WARN_UNDECLARED_SELECTOR = YES;
				GCC_WARN_UNINITIALIZED_AUTOS = YES_AGGRESSIVE;
				GCC_WARN_UNUSED_FUNCTION = YES;
				GCC_WARN_UNUSED_VARIABLE = YES;
				IPHONEOS_DEPLOYMENT_TARGET = 17.2;
				LOCALIZATION_PREFERS_STRING_CATALOGS = YES;
				MTL_ENABLE_DEBUG_INFO = INCLUDE_SOURCE;
				MTL_FAST_MATH = YES;
				ONLY_ACTIVE_ARCH = YES;
				SDKROOT = iphoneos;
				SWIFT_ACTIVE_COMPILATION_CONDITIONS = "DEBUG $(inherited)";
				SWIFT_OPTIMIZATION_LEVEL = "-Onone";
			};
			name = Debug;
		};
		3B7FEF222B4ACCBF00B5890B /* Release */ = {
			isa = XCBuildConfiguration;
			buildSettings = {
				ALWAYS_SEARCH_USER_PATHS = NO;
				ASSETCATALOG_COMPILER_GENERATE_SWIFT_ASSET_SYMBOL_EXTENSIONS = YES;
				CLANG_ANALYZER_NONNULL = YES;
				CLANG_ANALYZER_NUMBER_OBJECT_CONVERSION = YES_AGGRESSIVE;
				CLANG_CXX_LANGUAGE_STANDARD = "gnu++20";
				CLANG_ENABLE_MODULES = YES;
				CLANG_ENABLE_OBJC_ARC = YES;
				CLANG_ENABLE_OBJC_WEAK = YES;
				CLANG_WARN_BLOCK_CAPTURE_AUTORELEASING = YES;
				CLANG_WARN_BOOL_CONVERSION = YES;
				CLANG_WARN_COMMA = YES;
				CLANG_WARN_CONSTANT_CONVERSION = YES;
				CLANG_WARN_DEPRECATED_OBJC_IMPLEMENTATIONS = YES;
				CLANG_WARN_DIRECT_OBJC_ISA_USAGE = YES_ERROR;
				CLANG_WARN_DOCUMENTATION_COMMENTS = YES;
				CLANG_WARN_EMPTY_BODY = YES;
				CLANG_WARN_ENUM_CONVERSION = YES;
				CLANG_WARN_INFINITE_RECURSION = YES;
				CLANG_WARN_INT_CONVERSION = YES;
				CLANG_WARN_NON_LITERAL_NULL_CONVERSION = YES;
				CLANG_WARN_OBJC_IMPLICIT_RETAIN_SELF = YES;
				CLANG_WARN_OBJC_LITERAL_CONVERSION = YES;
				CLANG_WARN_OBJC_ROOT_CLASS = YES_ERROR;
				CLANG_WARN_QUOTED_INCLUDE_IN_FRAMEWORK_HEADER = YES;
				CLANG_WARN_RANGE_LOOP_ANALYSIS = YES;
				CLANG_WARN_STRICT_PROTOTYPES = YES;
				CLANG_WARN_SUSPICIOUS_MOVE = YES;
				CLANG_WARN_UNGUARDED_AVAILABILITY = YES_AGGRESSIVE;
				CLANG_WARN_UNREACHABLE_CODE = YES;
				CLANG_WARN__DUPLICATE_METHOD_MATCH = YES;
				COPY_PHASE_STRIP = NO;
				DEBUG_INFORMATION_FORMAT = "dwarf-with-dsym";
				ENABLE_NS_ASSERTIONS = NO;
				ENABLE_STRICT_OBJC_MSGSEND = YES;
				ENABLE_USER_SCRIPT_SANDBOXING = YES;
				GCC_C_LANGUAGE_STANDARD = gnu17;
				GCC_NO_COMMON_BLOCKS = YES;
				GCC_WARN_64_TO_32_BIT_CONVERSION = YES;
				GCC_WARN_ABOUT_RETURN_TYPE = YES_ERROR;
				GCC_WARN_UNDECLARED_SELECTOR = YES;
				GCC_WARN_UNINITIALIZED_AUTOS = YES_AGGRESSIVE;
				GCC_WARN_UNUSED_FUNCTION = YES;
				GCC_WARN_UNUSED_VARIABLE = YES;
				IPHONEOS_DEPLOYMENT_TARGET = 17.2;
				LOCALIZATION_PREFERS_STRING_CATALOGS = YES;
				MTL_ENABLE_DEBUG_INFO = NO;
				MTL_FAST_MATH = YES;
				SDKROOT = iphoneos;
				SWIFT_COMPILATION_MODE = wholemodule;
				VALIDATE_PRODUCT = YES;
			};
			name = Release;
		};
		3B7FEF242B4ACCBF00B5890B /* Debug */ = {
			isa = XCBuildConfiguration;
			buildSettings = {
				ASSETCATALOG_COMPILER_APPICON_NAME = AppIcon;
				ASSETCATALOG_COMPILER_GLOBAL_ACCENT_COLOR_NAME = AccentColor;
				CODE_SIGN_STYLE = Automatic;
				CURRENT_PROJECT_VERSION = 1;
				DEVELOPMENT_ASSET_PATHS = "\"SimpleIntervalTimer/Preview Content\"";
				ENABLE_PREVIEWS = YES;
				GENERATE_INFOPLIST_FILE = YES;
				INFOPLIST_KEY_UIApplicationSceneManifest_Generation = YES;
				INFOPLIST_KEY_UIApplicationSupportsIndirectInputEvents = YES;
				INFOPLIST_KEY_UILaunchScreen_Generation = YES;
				INFOPLIST_KEY_UISupportedInterfaceOrientations_iPad = "UIInterfaceOrientationPortrait UIInterfaceOrientationPortraitUpsideDown UIInterfaceOrientationLandscapeLeft UIInterfaceOrientationLandscapeRight";
				INFOPLIST_KEY_UISupportedInterfaceOrientations_iPhone = "UIInterfaceOrientationPortrait UIInterfaceOrientationLandscapeLeft UIInterfaceOrientationLandscapeRight";
				LD_RUNPATH_SEARCH_PATHS = (
					"$(inherited)",
					"@executable_path/Frameworks",
				);
				MARKETING_VERSION = 1.0;
				PRODUCT_BUNDLE_IDENTIFIER = dev.borjesson.SimpleIntervalTimer;
				PRODUCT_NAME = "$(TARGET_NAME)";
				SWIFT_EMIT_LOC_STRINGS = YES;
				SWIFT_VERSION = 5.0;
				TARGETED_DEVICE_FAMILY = "1,2";
			};
			name = Debug;
		};
		3B7FEF252B4ACCBF00B5890B /* Release */ = {
			isa = XCBuildConfiguration;
			buildSettings = {
				ASSETCATALOG_COMPILER_APPICON_NAME = AppIcon;
				ASSETCATALOG_COMPILER_GLOBAL_ACCENT_COLOR_NAME = AccentColor;
				CODE_SIGN_STYLE = Automatic;
				CURRENT_PROJECT_VERSION = 1;
				DEVELOPMENT_ASSET_PATHS = "\"SimpleIntervalTimer/Preview Content\"";
				ENABLE_PREVIEWS = YES;
				GENERATE_INFOPLIST_FILE = YES;
				INFOPLIST_KEY_UIApplicationSceneManifest_Generation = YES;
				INFOPLIST_KEY_UIApplicationSupportsIndirectInputEvents = YES;
				INFOPLIST_KEY_UILaunchScreen_Generation = YES;
				INFOPLIST_KEY_UISupportedInterfaceOrientations_iPad = "UIInterfaceOrientationPortrait UIInterfaceOrientationPortraitUpsideDown UIInterfaceOrientationLandscapeLeft UIInterfaceOrientationLandscapeRight";
				INFOPLIST_KEY_UISupportedInterfaceOrientations_iPhone = "UIInterfaceOrientationPortrait UIInterfaceOrientationLandscapeLeft UIInterfaceOrientationLandscapeRight";
				LD_RUNPATH_SEARCH_PATHS = (
					"$(inherited)",
					"@executable_path/Frameworks",
				);
				MARKETING_VERSION = 1.0;
				PRODUCT_BUNDLE_IDENTIFIER = dev.borjesson.SimpleIntervalTimer;
				PRODUCT_NAME = "$(TARGET_NAME)";
				SWIFT_EMIT_LOC_STRINGS = YES;
				SWIFT_VERSION = 5.0;
				TARGETED_DEVICE_FAMILY = "1,2";
			};
			name = Release;
		};
		3B7FEF272B4ACCBF00B5890B /* Debug */ = {
			isa = XCBuildConfiguration;
			buildSettings = {
				ALWAYS_EMBED_SWIFT_STANDARD_LIBRARIES = YES;
				BUNDLE_LOADER = "$(TEST_HOST)";
				CODE_SIGN_STYLE = Automatic;
				CURRENT_PROJECT_VERSION = 1;
				GENERATE_INFOPLIST_FILE = YES;
				IPHONEOS_DEPLOYMENT_TARGET = 17.2;
				MARKETING_VERSION = 1.0;
				PRODUCT_BUNDLE_IDENTIFIER = dev.borjesson.SimpleIntervalTimerTests;
				PRODUCT_NAME = "$(TARGET_NAME)";
				SWIFT_EMIT_LOC_STRINGS = NO;
				SWIFT_VERSION = 5.0;
				TARGETED_DEVICE_FAMILY = "1,2";
				TEST_HOST = "$(BUILT_PRODUCTS_DIR)/SimpleIntervalTimer.app/$(BUNDLE_EXECUTABLE_FOLDER_PATH)/SimpleIntervalTimer";
			};
			name = Debug;
		};
		3B7FEF282B4ACCBF00B5890B /* Release */ = {
			isa = XCBuildConfiguration;
			buildSettings = {
				ALWAYS_EMBED_SWIFT_STANDARD_LIBRARIES = YES;
				BUNDLE_LOADER = "$(TEST_HOST)";
				CODE_SIGN_STYLE = Automatic;
				CURRENT_PROJECT_VERSION = 1;
				GENERATE_INFOPLIST_FILE = YES;
				IPHONEOS_DEPLOYMENT_TARGET = 17.2;
				MARKETING_VERSION = 1.0;
				PRODUCT_BUNDLE_IDENTIFIER = dev.borjesson.SimpleIntervalTimerTests;
				PRODUCT_NAME = "$(TARGET_NAME)";
				SWIFT_EMIT_LOC_STRINGS = NO;
				SWIFT_VERSION = 5.0;
				TARGETED_DEVICE_FAMILY = "1,2";
				TEST_HOST = "$(BUILT_PRODUCTS_DIR)/SimpleIntervalTimer.app/$(BUNDLE_EXECUTABLE_FOLDER_PATH)/SimpleIntervalTimer";
			};
			name = Release;
		};
		3B7FEF2A2B4ACCBF00B5890B /* Debug */ = {
			isa = XCBuildConfiguration;
			buildSettings = {
				ALWAYS_EMBED_SWIFT_STANDARD_LIBRARIES = YES;
				CODE_SIGN_STYLE = Automatic;
				CURRENT_PROJECT_VERSION = 1;
				GENERATE_INFOPLIST_FILE = YES;
				MARKETING_VERSION = 1.0;
				PRODUCT_BUNDLE_IDENTIFIER = dev.borjesson.SimpleIntervalTimerUITests;
				PRODUCT_NAME = "$(TARGET_NAME)";
				SWIFT_EMIT_LOC_STRINGS = NO;
				SWIFT_VERSION = 5.0;
				TARGETED_DEVICE_FAMILY = "1,2";
				TEST_TARGET_NAME = SimpleIntervalTimer;
			};
			name = Debug;
		};
		3B7FEF2B2B4ACCBF00B5890B /* Release */ = {
			isa = XCBuildConfiguration;
			buildSettings = {
				ALWAYS_EMBED_SWIFT_STANDARD_LIBRARIES = YES;
				CODE_SIGN_STYLE = Automatic;
				CURRENT_PROJECT_VERSION = 1;
				GENERATE_INFOPLIST_FILE = YES;
				MARKETING_VERSION = 1.0;
				PRODUCT_BUNDLE_IDENTIFIER = dev.borjesson.SimpleIntervalTimerUITests;
				PRODUCT_NAME = "$(TARGET_NAME)";
				SWIFT_EMIT_LOC_STRINGS = NO;
				SWIFT_VERSION = 5.0;
				TARGETED_DEVICE_FAMILY = "1,2";
				TEST_TARGET_NAME = SimpleIntervalTimer;
			};
			name = Release;
		};
/* End XCBuildConfiguration section */

/* Begin XCConfigurationList section */
		3B7FEEFA2B4ACCBE00B5890B /* Build configuration list for PBXProject "SimpleIntervalTimer" */ = {
			isa = XCConfigurationList;
			buildConfigurations = (
				3B7FEF212B4ACCBF00B5890B /* Debug */,
				3B7FEF222B4ACCBF00B5890B /* Release */,
			);
			defaultConfigurationIsVisible = 0;
			defaultConfigurationName = Release;
		};
		3B7FEF232B4ACCBF00B5890B /* Build configuration list for PBXNativeTarget "SimpleIntervalTimer" */ = {
			isa = XCConfigurationList;
			buildConfigurations = (
				3B7FEF242B4ACCBF00B5890B /* Debug */,
				3B7FEF252B4ACCBF00B5890B /* Release */,
			);
			defaultConfigurationIsVisible = 0;
			defaultConfigurationName = Release;
		};
		3B7FEF262B4ACCBF00B5890B /* Build configuration list for PBXNativeTarget "SimpleIntervalTimerTests" */ = {
			isa = XCConfigurationList;
			buildConfigurations = (
				3B7FEF272B4ACCBF00B5890B /* Debug */,
				3B7FEF282B4ACCBF00B5890B /* Release */,
			);
			defaultConfigurationIsVisible = 0;
			defaultConfigurationName = Release;
		};
		3B7FEF292B4ACCBF00B5890B /* Build configuration list for PBXNativeTarget "SimpleIntervalTimerUITests" */ = {
			isa = XCConfigurationList;
			buildConfigurations = (
				3B7FEF2A2B4ACCBF00B5890B /* Debug */,
				3B7FEF2B2B4ACCBF00B5890B /* Release */,
			);
			defaultConfigurationIsVisible = 0;
			defaultConfigurationName = Release;
		};
/* End XCConfigurationList section */
	};
	rootObject = 3B7FEEF72B4ACCBE00B5890B /* Project object */;
}
